<?xml version="1.0" encoding="utf-8"?>
<Project ToolsVersion="4.0" xmlns="http://schemas.microsoft.com/developer/msbuild/2003">
  <ItemGroup>
    <Filter Include="Header Files">
      <UniqueIdentifier>{93995380-89BD-4b04-88EB-625FBE52EBFB}</UniqueIdentifier>
      <Extensions>h;hh;hpp;hxx;hm;inl;inc;xsd</Extensions>
    </Filter>
    <Filter Include="src">
      <UniqueIdentifier>{6debc611-9400-4e20-8d8b-9f300330219c}</UniqueIdentifier>
    </Filter>
    <Filter Include="src\_micro-api-readonly">
      <UniqueIdentifier>{9606fea9-59df-4bbd-bb0d-1937cc24cf28}</UniqueIdentifier>
    </Filter>
    <Filter Include="src\_micro-api-readonly\core">
      <UniqueIdentifier>{2a992159-1aa3-4355-9d72-e3000eff7ade}</UniqueIdentifier>
    </Filter>
    <Filter Include="src\_micro-api-readonly\core\libb64">
      <UniqueIdentifier>{f2cdfe1a-477d-40b6-af68-bef35b96d70e}</UniqueIdentifier>
    </Filter>
    <Filter Include="src\_micro-api-readonly\libraries">
      <UniqueIdentifier>{216c4031-f138-428b-bc2b-d5ec7ba2ce18}</UniqueIdentifier>
    </Filter>
    <Filter Include="Header Files\Source Files">
      <UniqueIdentifier>{2f30f2de-b363-46b3-94d8-779e422864c3}</UniqueIdentifier>
    </Filter>
    <Filter Include="Header Files\Source Files\_micro-api-readonly">
      <UniqueIdentifier>{9cbff6da-5e93-4ded-8d63-cee568e54ac0}</UniqueIdentifier>
    </Filter>
    <Filter Include="Header Files\Source Files\_micro-api-readonly\core">
      <UniqueIdentifier>{708d632d-1fe1-4405-a0f2-e68f04dcd840}</UniqueIdentifier>
    </Filter>
    <Filter Include="Header Files\Source Files\_micro-api-readonly\core\libb64">
      <UniqueIdentifier>{35e0e820-ede8-4f60-8610-5d6a6cae222f}</UniqueIdentifier>
    </Filter>
    <Filter Include="Header Files\Source Files\_micro-api-readonly\libraries">
      <UniqueIdentifier>{dccb1b85-5451-40d6-b0e9-4e819051e373}</UniqueIdentifier>
    </Filter>
  </ItemGroup>
  <ItemGroup>
    <None Include="XinstrumentsMaster.ino" />
    <None Include="cpp.hint" />
    <None Include="ClassDiagram2.cd" />
  </ItemGroup>
  <ItemGroup>
    <ClInclude Include="__vm\.XinstrumentsMaster.vsarduino.h">
      <Filter>Header Files</Filter>
    </ClInclude>
    <ClInclude Include="mydebug.h">
      <Filter>Header Files</Filter>
    </ClInclude>
    <ClInclude Include="C:\Users\Frank\AppData\Local\arduino15\packages\esp32\hardware\esp32\1.0.0\cores\esp32\Arduino.h">
      <Filter>src\_micro-api-readonly\core</Filter>
    </ClInclude>
    <ClInclude Include="C:\Users\Frank\AppData\Local\arduino15\packages\esp32\hardware\esp32\1.0.0\cores\esp32\base64.h">
      <Filter>src\_micro-api-readonly\core</Filter>
    </ClInclude>
    <ClInclude Include="C:\Users\Frank\AppData\Local\arduino15\packages\esp32\hardware\esp32\1.0.0\cores\esp32\binary.h">
      <Filter>src\_micro-api-readonly\core</Filter>
    </ClInclude>
    <ClInclude Include="C:\Users\Frank\AppData\Local\arduino15\packages\esp32\hardware\esp32\1.0.0\cores\esp32\cbuf.h">
      <Filter>src\_micro-api-readonly\core</Filter>
    </ClInclude>
    <ClInclude Include="C:\Users\Frank\AppData\Local\arduino15\packages\esp32\hardware\esp32\1.0.0\cores\esp32\Client.h">
      <Filter>src\_micro-api-readonly\core</Filter>
    </ClInclude>
    <ClInclude Include="C:\Users\Frank\AppData\Local\arduino15\packages\esp32\hardware\esp32\1.0.0\cores\esp32\core_version.h">
      <Filter>src\_micro-api-readonly\core</Filter>
    </ClInclude>
    <ClInclude Include="C:\Users\Frank\AppData\Local\arduino15\packages\esp32\hardware\esp32\1.0.0\cores\esp32\Esp.h">
      <Filter>src\_micro-api-readonly\core</Filter>
    </ClInclude>
    <ClInclude Include="C:\Users\Frank\AppData\Local\arduino15\packages\esp32\hardware\esp32\1.0.0\cores\esp32\esp32-hal-adc.h">
      <Filter>src\_micro-api-readonly\core</Filter>
    </ClInclude>
    <ClInclude Include="C:\Users\Frank\AppData\Local\arduino15\packages\esp32\hardware\esp32\1.0.0\cores\esp32\esp32-hal-bt.h">
      <Filter>src\_micro-api-readonly\core</Filter>
    </ClInclude>
    <ClInclude Include="C:\Users\Frank\AppData\Local\arduino15\packages\esp32\hardware\esp32\1.0.0\cores\esp32\esp32-hal-dac.h">
      <Filter>src\_micro-api-readonly\core</Filter>
    </ClInclude>
    <ClInclude Include="C:\Users\Frank\AppData\Local\arduino15\packages\esp32\hardware\esp32\1.0.0\cores\esp32\esp32-hal-gpio.h">
      <Filter>src\_micro-api-readonly\core</Filter>
    </ClInclude>
    <ClInclude Include="C:\Users\Frank\AppData\Local\arduino15\packages\esp32\hardware\esp32\1.0.0\cores\esp32\esp32-hal-i2c.h">
      <Filter>src\_micro-api-readonly\core</Filter>
    </ClInclude>
    <ClInclude Include="C:\Users\Frank\AppData\Local\arduino15\packages\esp32\hardware\esp32\1.0.0\cores\esp32\esp32-hal-ledc.h">
      <Filter>src\_micro-api-readonly\core</Filter>
    </ClInclude>
    <ClInclude Include="C:\Users\Frank\AppData\Local\arduino15\packages\esp32\hardware\esp32\1.0.0\cores\esp32\esp32-hal-log.h">
      <Filter>src\_micro-api-readonly\core</Filter>
    </ClInclude>
    <ClInclude Include="C:\Users\Frank\AppData\Local\arduino15\packages\esp32\hardware\esp32\1.0.0\cores\esp32\esp32-hal-matrix.h">
      <Filter>src\_micro-api-readonly\core</Filter>
    </ClInclude>
    <ClInclude Include="C:\Users\Frank\AppData\Local\arduino15\packages\esp32\hardware\esp32\1.0.0\cores\esp32\esp32-hal-psram.h">
      <Filter>src\_micro-api-readonly\core</Filter>
    </ClInclude>
    <ClInclude Include="C:\Users\Frank\AppData\Local\arduino15\packages\esp32\hardware\esp32\1.0.0\cores\esp32\esp32-hal-sigmadelta.h">
      <Filter>src\_micro-api-readonly\core</Filter>
    </ClInclude>
    <ClInclude Include="C:\Users\Frank\AppData\Local\arduino15\packages\esp32\hardware\esp32\1.0.0\cores\esp32\esp32-hal-spi.h">
      <Filter>src\_micro-api-readonly\core</Filter>
    </ClInclude>
    <ClInclude Include="C:\Users\Frank\AppData\Local\arduino15\packages\esp32\hardware\esp32\1.0.0\cores\esp32\esp32-hal-timer.h">
      <Filter>src\_micro-api-readonly\core</Filter>
    </ClInclude>
    <ClInclude Include="C:\Users\Frank\AppData\Local\arduino15\packages\esp32\hardware\esp32\1.0.0\cores\esp32\esp32-hal-touch.h">
      <Filter>src\_micro-api-readonly\core</Filter>
    </ClInclude>
    <ClInclude Include="C:\Users\Frank\AppData\Local\arduino15\packages\esp32\hardware\esp32\1.0.0\cores\esp32\esp32-hal-uart.h">
      <Filter>src\_micro-api-readonly\core</Filter>
    </ClInclude>
    <ClInclude Include="C:\Users\Frank\AppData\Local\arduino15\packages\esp32\hardware\esp32\1.0.0\cores\esp32\esp32-hal.h">
      <Filter>src\_micro-api-readonly\core</Filter>
    </ClInclude>
    <ClInclude Include="C:\Users\Frank\AppData\Local\arduino15\packages\esp32\hardware\esp32\1.0.0\cores\esp32\esp8266-compat.h">
      <Filter>src\_micro-api-readonly\core</Filter>
    </ClInclude>
    <ClInclude Include="C:\Users\Frank\AppData\Local\arduino15\packages\esp32\hardware\esp32\1.0.0\cores\esp32\HardwareSerial.h">
      <Filter>src\_micro-api-readonly\core</Filter>
    </ClInclude>
    <ClInclude Include="C:\Users\Frank\AppData\Local\arduino15\packages\esp32\hardware\esp32\1.0.0\cores\esp32\IPAddress.h">
      <Filter>src\_micro-api-readonly\core</Filter>
    </ClInclude>
    <ClInclude Include="C:\Users\Frank\AppData\Local\arduino15\packages\esp32\hardware\esp32\1.0.0\cores\esp32\IPv6Address.h">
      <Filter>src\_micro-api-readonly\core</Filter>
    </ClInclude>
    <ClInclude Include="C:\Users\Frank\AppData\Local\arduino15\packages\esp32\hardware\esp32\1.0.0\cores\esp32\MD5Builder.h">
      <Filter>src\_micro-api-readonly\core</Filter>
    </ClInclude>
    <ClInclude Include="C:\Users\Frank\AppData\Local\arduino15\packages\esp32\hardware\esp32\1.0.0\cores\esp32\pgmspace.h">
      <Filter>src\_micro-api-readonly\core</Filter>
    </ClInclude>
    <ClInclude Include="C:\Users\Frank\AppData\Local\arduino15\packages\esp32\hardware\esp32\1.0.0\cores\esp32\Print.h">
      <Filter>src\_micro-api-readonly\core</Filter>
    </ClInclude>
    <ClInclude Include="C:\Users\Frank\AppData\Local\arduino15\packages\esp32\hardware\esp32\1.0.0\cores\esp32\Printable.h">
      <Filter>src\_micro-api-readonly\core</Filter>
    </ClInclude>
    <ClInclude Include="C:\Users\Frank\AppData\Local\arduino15\packages\esp32\hardware\esp32\1.0.0\cores\esp32\Server.h">
      <Filter>src\_micro-api-readonly\core</Filter>
    </ClInclude>
    <ClInclude Include="C:\Users\Frank\AppData\Local\arduino15\packages\esp32\hardware\esp32\1.0.0\cores\esp32\stdlib_noniso.h">
      <Filter>src\_micro-api-readonly\core</Filter>
    </ClInclude>
    <ClInclude Include="C:\Users\Frank\AppData\Local\arduino15\packages\esp32\hardware\esp32\1.0.0\cores\esp32\Stream.h">
      <Filter>src\_micro-api-readonly\core</Filter>
    </ClInclude>
    <ClInclude Include="C:\Users\Frank\AppData\Local\arduino15\packages\esp32\hardware\esp32\1.0.0\cores\esp32\StreamString.h">
      <Filter>src\_micro-api-readonly\core</Filter>
    </ClInclude>
    <ClInclude Include="C:\Users\Frank\AppData\Local\arduino15\packages\esp32\hardware\esp32\1.0.0\cores\esp32\Udp.h">
      <Filter>src\_micro-api-readonly\core</Filter>
    </ClInclude>
    <ClInclude Include="C:\Users\Frank\AppData\Local\arduino15\packages\esp32\hardware\esp32\1.0.0\cores\esp32\WCharacter.h">
      <Filter>src\_micro-api-readonly\core</Filter>
    </ClInclude>
    <ClInclude Include="C:\Users\Frank\AppData\Local\arduino15\packages\esp32\hardware\esp32\1.0.0\cores\esp32\wiring_private.h">
      <Filter>src\_micro-api-readonly\core</Filter>
    </ClInclude>
    <ClInclude Include="C:\Users\Frank\AppData\Local\arduino15\packages\esp32\hardware\esp32\1.0.0\cores\esp32\WString.h">
      <Filter>src\_micro-api-readonly\core</Filter>
    </ClInclude>
    <ClInclude Include="C:\Users\Frank\AppData\Local\arduino15\packages\esp32\hardware\esp32\1.0.0\cores\esp32\libb64\cdecode.h">
      <Filter>src\_micro-api-readonly\core\libb64</Filter>
    </ClInclude>
    <ClInclude Include="C:\Users\Frank\AppData\Local\arduino15\packages\esp32\hardware\esp32\1.0.0\cores\esp32\libb64\cencode.h">
      <Filter>src\_micro-api-readonly\core\libb64</Filter>
    </ClInclude>
    <ClInclude Include="C:\Users\Frank\AppData\Local\arduino15\packages\esp32\hardware\esp32\1.0.0\variants\esp32-evb\pins_arduino.h">
      <Filter>src\_micro-api-readonly\core</Filter>
    </ClInclude>
    <ClInclude Include="__vm\.Xinstruments.vsarduino.h">
      <Filter>Header Files</Filter>
    </ClInclude>
  </ItemGroup>
  <ItemGroup>
    <ClCompile Include="main.cpp" />
    <ClCompile Include="C:\Users\Frank\AppData\Local\arduino15\packages\esp32\hardware\esp32\1.0.0\cores\esp32\base64.cpp">
      <Filter>src\_micro-api-readonly\core</Filter>
    </ClCompile>
    <ClCompile Include="C:\Users\Frank\AppData\Local\arduino15\packages\esp32\hardware\esp32\1.0.0\cores\esp32\cbuf.cpp">
      <Filter>src\_micro-api-readonly\core</Filter>
    </ClCompile>
    <ClCompile Include="C:\Users\Frank\AppData\Local\arduino15\packages\esp32\hardware\esp32\1.0.0\cores\esp32\Esp.cpp">
      <Filter>src\_micro-api-readonly\core</Filter>
    </ClCompile>
    <ClCompile Include="C:\Users\Frank\AppData\Local\arduino15\packages\esp32\hardware\esp32\1.0.0\cores\esp32\HardwareSerial.cpp">
      <Filter>src\_micro-api-readonly\core</Filter>
    </ClCompile>
    <ClCompile Include="C:\Users\Frank\AppData\Local\arduino15\packages\esp32\hardware\esp32\1.0.0\cores\esp32\IPAddress.cpp">
      <Filter>src\_micro-api-readonly\core</Filter>
    </ClCompile>
    <ClCompile Include="C:\Users\Frank\AppData\Local\arduino15\packages\esp32\hardware\esp32\1.0.0\cores\esp32\IPv6Address.cpp">
      <Filter>src\_micro-api-readonly\core</Filter>
    </ClCompile>
    <ClCompile Include="C:\Users\Frank\AppData\Local\arduino15\packages\esp32\hardware\esp32\1.0.0\cores\esp32\main.cpp">
      <Filter>src\_micro-api-readonly\core</Filter>
    </ClCompile>
    <ClCompile Include="C:\Users\Frank\AppData\Local\arduino15\packages\esp32\hardware\esp32\1.0.0\cores\esp32\MD5Builder.cpp">
      <Filter>src\_micro-api-readonly\core</Filter>
    </ClCompile>
    <ClCompile Include="C:\Users\Frank\AppData\Local\arduino15\packages\esp32\hardware\esp32\1.0.0\cores\esp32\Print.cpp">
      <Filter>src\_micro-api-readonly\core</Filter>
    </ClCompile>
    <ClCompile Include="C:\Users\Frank\AppData\Local\arduino15\packages\esp32\hardware\esp32\1.0.0\cores\esp32\Stream.cpp">
      <Filter>src\_micro-api-readonly\core</Filter>
    </ClCompile>
    <ClCompile Include="C:\Users\Frank\AppData\Local\arduino15\packages\esp32\hardware\esp32\1.0.0\cores\esp32\StreamString.cpp">
      <Filter>src\_micro-api-readonly\core</Filter>
    </ClCompile>
    <ClCompile Include="C:\Users\Frank\AppData\Local\arduino15\packages\esp32\hardware\esp32\1.0.0\cores\esp32\WMath.cpp">
      <Filter>src\_micro-api-readonly\core</Filter>
    </ClCompile>
    <ClCompile Include="C:\Users\Frank\AppData\Local\arduino15\packages\esp32\hardware\esp32\1.0.0\cores\esp32\WString.cpp">
      <Filter>src\_micro-api-readonly\core</Filter>
    </ClCompile>
  </ItemGroup>
</Project>